
Microsoft Visual Studio Solution File, Format Version 12.00
# Visual Studio Version 17
VisualStudioVersion = 17.3.32825.248
MinimumVisualStudioVersion = 10.0.40219.1
Project("{FAE04EC0-301F-11D3-BF4B-00C04F79EFBC}") = "Web Browser", "Web Browser.csproj", "{8D1EEBF0-9EA1-43E7-BCB6-F645FD7B1CCC}"
EndProject
Global
	GlobalSection(SolutionConfigurationPlatforms) = preSolution
		Debug|Any CPU = Debug|Any CPU
		Release|Any CPU = Release|Any CPU
	EndGlobalSection
	GlobalSection(ProjectConfigurationPlatforms) = postSolution
		{8D1EEBF0-9EA1-43E7-BCB6-F645FD7B1CCC}.Debug|Any CPU.ActiveCfg = Debug|Any CPU
		{8D1EEBF0-9EA1-43E7-BCB6-F645FD7B1CCC}.Debug|Any CPU.Build.0 = Debug|Any CPU
		{8D1EEBF0-9EA1-43E7-BCB6-F645FD7B1CCC}.Release|Any CPU.ActiveCfg = Release|Any CPU
		{8D1EEBF0-9EA1-43E7-BCB6-F645FD7B1CCC}.Release|Any CPU.Build.0 = Release|Any CPU
	EndGlobalSection
	GlobalSection(SolutionProperties) = preSolution
		HideSolutionNode = FALSE
	EndGlobalSection
	GlobalSection(ExtensibilityGlobals) = postSolution
		SolutionGuid = {3677FFA1-B399-44CA-9CB3-E06430E2CF29}
	EndGlobalSection
EndGlobal
